
Microsoft Visual Studio Solution File, Format Version 12.00
# Visual Studio Version 17
VisualStudioVersion = 17.13.35806.99 d17.13
MinimumVisualStudioVersion = 10.0.40219.1
Project("{FAE04EC0-301F-11D3-BF4B-00C04F79EFBC}") = "WpfApp1", "WpfApp1\WpfApp1.csproj", "{8C5A9CC6-D075-4779-9103-627319FE1E00}"
EndProject
Global
	GlobalSection(SolutionConfigurationPlatforms) = preSolution
		Debug|Any CPU = Debug|Any CPU
		Release|Any CPU = Release|Any CPU
	EndGlobalSection
	GlobalSection(ProjectConfigurationPlatforms) = postSolution
		{8C5A9CC6-D075-4779-9103-627319FE1E00}.Debug|Any CPU.ActiveCfg = Debug|Any CPU
		{8C5A9CC6-D075-4779-9103-627319FE1E00}.Debug|Any CPU.Build.0 = Debug|Any CPU
		{8C5A9CC6-D075-4779-9103-627319FE1E00}.Release|Any CPU.ActiveCfg = Release|Any CPU
		{8C5A9CC6-D075-4779-9103-627319FE1E00}.Release|Any CPU.Build.0 = Release|Any CPU
	EndGlobalSection
	GlobalSection(SolutionProperties) = preSolution
		HideSolutionNode = FALSE
	EndGlobalSection
	GlobalSection(ExtensibilityGlobals) = postSolution
		SolutionGuid = {D193A9E0-BC48-4E36-AE69-5E4D90C8F448}
	EndGlobalSection
EndGlobal
